
Microsoft Visual Studio Solution File, Format Version 12.00
# Visual Studio Version 16
VisualStudioVersion = 16.0.30002.166
MinimumVisualStudioVersion = 10.0.40219.1
Project("{9A19103F-16F7-4668-BE54-9A1E7A4F7556}") = "EmployeeSurvey", "EmployeeSurvey\EmployeeSurvey.csproj", "{89E6781F-8A48-47BC-84D5-5C07CE0810EF}"
EndProject
Project("{9A19103F-16F7-4668-BE54-9A1E7A4F7556}") = "EmployeeSurvey.Domain", "EmployeeSurvey.Domain\EmployeeSurvey.Domain.csproj", "{72B8CDF0-3AAD-4610-B933-0D360B5FD0FB}"
EndProject
Project("{9A19103F-16F7-4668-BE54-9A1E7A4F7556}") = "EmployeeSurvey.Handlers", "EmployeeSurvey.Handlers\EmployeeSurvey.Handlers.csproj", "{9449AE20-1B22-4372-B116-32CE2A1DE893}"
EndProject
Project("{9A19103F-16F7-4668-BE54-9A1E7A4F7556}") = "EmployeeSurvey.Repositories", "EmployeeSurvey.Repositories\EmployeeSurvey.Repositories.csproj", "{EAD471E4-7601-4037-9DDA-A194C1CFBD21}"
EndProject
Project("{9A19103F-16F7-4668-BE54-9A1E7A4F7556}") = "EmployeeSurvey.RepositoryContracts", "EmployeeSurvey.RepositoryContracts\EmployeeSurvey.RepositoryContracts.csproj", "{CE16DD54-489F-4149-BC2F-C9885293FF6B}"
EndProject
Global
	GlobalSection(SolutionConfigurationPlatforms) = preSolution
		Debug|Any CPU = Debug|Any CPU
		Release|Any CPU = Release|Any CPU
	EndGlobalSection
	GlobalSection(ProjectConfigurationPlatforms) = postSolution
		{89E6781F-8A48-47BC-84D5-5C07CE0810EF}.Debug|Any CPU.ActiveCfg = Debug|Any CPU
		{89E6781F-8A48-47BC-84D5-5C07CE0810EF}.Debug|Any CPU.Build.0 = Debug|Any CPU
		{89E6781F-8A48-47BC-84D5-5C07CE0810EF}.Release|Any CPU.ActiveCfg = Release|Any CPU
		{89E6781F-8A48-47BC-84D5-5C07CE0810EF}.Release|Any CPU.Build.0 = Release|Any CPU
		{72B8CDF0-3AAD-4610-B933-0D360B5FD0FB}.Debug|Any CPU.ActiveCfg = Debug|Any CPU
		{72B8CDF0-3AAD-4610-B933-0D360B5FD0FB}.Debug|Any CPU.Build.0 = Debug|Any CPU
		{72B8CDF0-3AAD-4610-B933-0D360B5FD0FB}.Release|Any CPU.ActiveCfg = Release|Any CPU
		{72B8CDF0-3AAD-4610-B933-0D360B5FD0FB}.Release|Any CPU.Build.0 = Release|Any CPU
		{9449AE20-1B22-4372-B116-32CE2A1DE893}.Debug|Any CPU.ActiveCfg = Debug|Any CPU
		{9449AE20-1B22-4372-B116-32CE2A1DE893}.Debug|Any CPU.Build.0 = Debug|Any CPU
		{9449AE20-1B22-4372-B116-32CE2A1DE893}.Release|Any CPU.ActiveCfg = Release|Any CPU
		{9449AE20-1B22-4372-B116-32CE2A1DE893}.Release|Any CPU.Build.0 = Release|Any CPU
		{EAD471E4-7601-4037-9DDA-A194C1CFBD21}.Debug|Any CPU.ActiveCfg = Debug|Any CPU
		{EAD471E4-7601-4037-9DDA-A194C1CFBD21}.Debug|Any CPU.Build.0 = Debug|Any CPU
		{EAD471E4-7601-4037-9DDA-A194C1CFBD21}.Release|Any CPU.ActiveCfg = Release|Any CPU
		{EAD471E4-7601-4037-9DDA-A194C1CFBD21}.Release|Any CPU.Build.0 = Release|Any CPU
		{CE16DD54-489F-4149-BC2F-C9885293FF6B}.Debug|Any CPU.ActiveCfg = Debug|Any CPU
		{CE16DD54-489F-4149-BC2F-C9885293FF6B}.Debug|Any CPU.Build.0 = Debug|Any CPU
		{CE16DD54-489F-4149-BC2F-C9885293FF6B}.Release|Any CPU.ActiveCfg = Release|Any CPU
		{CE16DD54-489F-4149-BC2F-C9885293FF6B}.Release|Any CPU.Build.0 = Release|Any CPU
	EndGlobalSection
	GlobalSection(SolutionProperties) = preSolution
		HideSolutionNode = FALSE
	EndGlobalSection
	GlobalSection(ExtensibilityGlobals) = postSolution
		SolutionGuid = {971FFAC1-6B46-486D-806E-5E0FEB9DEBFF}
	EndGlobalSection
EndGlobal
